
Microsoft Visual Studio Solution File, Format Version 12.00
# Visual Studio Version 17
VisualStudioVersion = 17.9.34723.18
MinimumVisualStudioVersion = 10.0.40219.1
Project("{FAE04EC0-301F-11D3-BF4B-00C04F79EFBC}") = "Semana 2 - Ejercicio 1", "Semana 2 - Ejercicio 1\Semana 2 - Ejercicio 1.csproj", "{FCE5BAE4-7049-4069-BE65-400F7F354008}"
EndProject
Global
	GlobalSection(SolutionConfigurationPlatforms) = preSolution
		Debug|Any CPU = Debug|Any CPU
		Release|Any CPU = Release|Any CPU
	EndGlobalSection
	GlobalSection(ProjectConfigurationPlatforms) = postSolution
		{FCE5BAE4-7049-4069-BE65-400F7F354008}.Debug|Any CPU.ActiveCfg = Debug|Any CPU
		{FCE5BAE4-7049-4069-BE65-400F7F354008}.Debug|Any CPU.Build.0 = Debug|Any CPU
		{FCE5BAE4-7049-4069-BE65-400F7F354008}.Release|Any CPU.ActiveCfg = Release|Any CPU
		{FCE5BAE4-7049-4069-BE65-400F7F354008}.Release|Any CPU.Build.0 = Release|Any CPU
	EndGlobalSection
	GlobalSection(SolutionProperties) = preSolution
		HideSolutionNode = FALSE
	EndGlobalSection
	GlobalSection(ExtensibilityGlobals) = postSolution
		SolutionGuid = {CCE1CAE3-2C5C-4BDA-9C6A-86D013EF726C}
	EndGlobalSection
EndGlobal
